{
  "name": "@emnul/shielded-access-control-cli",
  "version": "0.1.0",
  "lockfileVersion": 3,
  "requires": true,
  "packages": {
    "": {
      "name": "@emnul/shielded-access-control-cli",
      "version": "0.1.0",
      "license": "Apache-2.0",
      "dependencies": {
        "@emnul/shielded-access-control": "file:../ShieldedAccessControl"
      }
    },
    "../ShieldedAccessControl": {
      "name": "@emnul/shielded-access-control",
      "version": "0.1.0",
      "license": "Apache-2.0"
    },
    "node_modules/@emnul/shielded-access-control": {
      "resolved": "../ShieldedAccessControl",
      "link": true
    }
  }
}
